PODS:
  - BRPickerView (2.2.1)
  - YBAttributeTextTapAction (3.0.3)

DEPENDENCIES:
  - BRPickerView
  - YBAttributeTextTapAction

SPEC REPOS:
  https://github.com/cocoapods/specs.git:
    - BRPickerView
    - YBAttributeTextTapAction

SPEC CHECKSUMS:
  BRPickerView: 0590a8c5de9bd98c6b4e4f117a3dff6de287d5b2
  YBAttributeTextTapAction: b7e61f0265b5673e7ce7bad7319e8eff9e209a2b

PODFILE CHECKSUM: 47bf093bde43b0fc8c84e47c6d5981245fab7c10

COCOAPODS: 1.5.3
